// !$*UTF8*$!
{
	archiveVersion = 1;
	classes = {
	};
	objectVersion = 46;
	objects = {

/* Begin PBXBuildFile section */
		4FE7B1A31EE139DF0085135A /* AppDelegate.swift in Sources */ = {isa = PBXBuildFile; fileRef = 4FE7B1A21EE139DF0085135A /* AppDelegate.swift */; };
		4FE7B1A51EE139DF0085135A /* ViewController.swift in Sources */ = {isa = PBXBuildFile; fileRef = 4FE7B1A41EE139DF0085135A /* ViewController.swift */; };
		4FE7B1A81EE139DF0085135A /* Main.storyboard in Resources */ = {isa = PBXBuildFile; fileRef = 4FE7B1A61EE139DF0085135A /* Main.storyboard */; };
		4FE7B1AB1EE139DF0085135A /* CloneInstagram.xcdatamodeld in Sources */ = {isa = PBXBuildFile; fileRef = 4FE7B1A91EE139DF0085135A /* CloneInstagram.xcdatamodeld */; };
		4FE7B1AD1EE139DF0085135A /* Assets.xcassets in Resources */ = {isa = PBXBuildFile; fileRef = 4FE7B1AC1EE139DF0085135A /* Assets.xcassets */; };
		4FE7B1B01EE139DF0085135A /* LaunchScreen.storyboard in Resources */ = {isa = PBXBuildFile; fileRef = 4FE7B1AE1EE139DF0085135A /* LaunchScreen.storyboard */; };
/* End PBXBuildFile section */

/* Begin PBXFileReference section */
		4FE7B19F1EE139DF0085135A /* CloneInstagram.app */ = {isa = PBXFileReference; explicitFileType = wrapper.application; includeInIndex = 0; path = CloneInstagram.app; sourceTree = BUILT_PRODUCTS_DIR; };
		4FE7B1A21EE139DF0085135A /* AppDelegate.swift */ = {isa = PBXFileReference; lastKnownFileType = sourcecode.swift; path = AppDelegate.swift; sourceTree = "<group>"; };
		4FE7B1A41EE139DF0085135A /* ViewController.swift */ = {isa = PBXFileReference; lastKnownFileType = sourcecode.swift; path = ViewController.swift; sourceTree = "<group>"; };
		4FE7B1A71EE139DF0085135A /* Base */ = {isa = PBXFileReference; lastKnownFileType = file.storyboard; name = Base; path = Base.lproj/Main.storyboard; sourceTree = "<group>"; };
		4FE7B1AA1EE139DF0085135A /* CloneInstagram.xcdatamodel */ = {isa = PBXFileReference; lastKnownFileType = wrapper.xcdatamodel; path = CloneInstagram.xcdatamodel; sourceTree = "<group>"; };
		4FE7B1AC1EE139DF0085135A /* Assets.xcassets */ = {isa = PBXFileReference; lastKnownFileType = folder.assetcatalog; path = Assets.xcassets; sourceTree = "<group>"; };
		4FE7B1AF1EE139DF0085135A /* Base */ = {isa = PBXFileReference; lastKnownFileType = file.storyboard; name = Base; path = Base.lproj/LaunchScreen.storyboard; sourceTree = "<group>"; };
		4FE7B1B11EE139DF0085135A /* Info.plist */ = {isa = PBXFileReference; lastKnownFileType = text.plist.xml; path = Info.plist; sourceTree = "<group>"; };
/* End PBXFileReference section */

/* Begin PBXFrameworksBuildPhase section */
		4FE7B19C1EE139DF0085135A /* Frameworks */ = {
			isa = PBXFrameworksBuildPhase;
			buildActionMask = 2147483647;
			files = (
			);
			runOnlyForDeploymentPostprocessing = 0;
		};
/* End PBXFrameworksBuildPhase section */

/* Begin PBXGroup section */
		4FE7B1961EE139DF0085135A = {
			isa = PBXGroup;
			children = (
				4FE7B1A11EE139DF0085135A /* CloneInstagram */,
				4FE7B1A01EE139DF0085135A /* Products */,
			);
			sourceTree = "<group>";
		};
		4FE7B1A01EE139DF0085135A /* Products */ = {
			isa = PBXGroup;
			children = (
				4FE7B19F1EE139DF0085135A /* CloneInstagram.app */,
			);
			name = Products;
			sourceTree = "<group>";
		};
		4FE7B1A11EE139DF0085135A /* CloneInstagram */ = {
			isa = PBXGroup;
			children = (
				4FE7B1A21EE139DF0085135A /* AppDelegate.swift */,
				4FE7B1A41EE139DF0085135A /* ViewController.swift */,
				4FE7B1A61EE139DF0085135A /* Main.storyboard */,
				4FE7B1AC1EE139DF0085135A /* Assets.xcassets */,
				4FE7B1AE1EE139DF0085135A /* LaunchScreen.storyboard */,
				4FE7B1B11EE139DF0085135A /* Info.plist */,
				4FE7B1A91EE139DF0085135A /* CloneInstagram.xcdatamodeld */,
			);
			path = CloneInstagram;
			sourceTree = "<group>";
		};
/* End PBXGroup section */

/* Begin PBXNativeTarget section */
		4FE7B19E1EE139DF0085135A /* CloneInstagram */ = {
			isa = PBXNativeTarget;
			buildConfigurationList = 4FE7B1B41EE139DF0085135A /* Build configuration list for PBXNativeTarget "CloneInstagram" */;
			buildPhases = (
				4FE7B19B1EE139DF0085135A /* Sources */,
				4FE7B19C1EE139DF0085135A /* Frameworks */,
				4FE7B19D1EE139DF0085135A /* Resources */,
			);
			buildRules = (
			);
			dependencies = (
			);
			name = CloneInstagram;
			productName = CloneInstagram;
			productReference = 4FE7B19F1EE139DF0085135A /* CloneInstagram.app */;
			productType = "com.apple.product-type.application";
		};
/* End PBXNativeTarget section */

/* Begin PBXProject section */
		4FE7B1971EE139DF0085135A /* Project object */ = {
			isa = PBXProject;
			attributes = {
				LastSwiftUpdateCheck = 0830;
				LastUpgradeCheck = 0830;
				ORGANIZATIONNAME = "Tú Trần";
				TargetAttributes = {
					4FE7B19E1EE139DF0085135A = {
						CreatedOnToolsVersion = 8.3.2;
						DevelopmentTeam = B9NGYL7KN5;
						ProvisioningStyle = Automatic;
					};
				};
			};
			buildConfigurationList = 4FE7B19A1EE139DF0085135A /* Build configuration list for PBXProject "CloneInstagram" */;
			compatibilityVersion = "Xcode 3.2";
			developmentRegion = English;
			hasScannedForEncodings = 0;
			knownRegions = (
				en,
				Base,
			);
			mainGroup = 4FE7B1961EE139DF0085135A;
			productRefGroup = 4FE7B1A01EE139DF0085135A /* Products */;
			projectDirPath = "";
			projectRoot = "";
			targets = (
				4FE7B19E1EE139DF0085135A /* CloneInstagram */,
			);
		};
/* End PBXProject section */

/* Begin PBXResourcesBuildPhase section */
		4FE7B19D1EE139DF0085135A /* Resources */ = {
			isa = PBXResourcesBuildPhase;
			buildActionMask = 2147483647;
			files = (
				4FE7B1B01EE139DF0085135A /* LaunchScreen.storyboard in Resources */,
				4FE7B1AD1EE139DF0085135A /* Assets.xcassets in Resources */,
				4FE7B1A81EE139DF0085135A /* Main.storyboard in Resources */,
			);
			runOnlyForDeploymentPostprocessing = 0;
		};
/* End PBXResourcesBuildPhase section */

/* Begin PBXSourcesBuildPhase section */
		4FE7B19B1EE139DF0085135A /* Sources */ = {
			isa = PBXSourcesBuildPhase;
			buildActionMask = 2147483647;
			files = (
				4FE7B1AB1EE139DF0085135A /* CloneInstagram.xcdatamodeld in Sources */,
				4FE7B1A51EE139DF0085135A /* ViewController.swift in Sources */,
				4FE7B1A31EE139DF0085135A /* AppDelegate.swift in Sources */,
			);
			runOnlyForDeploymentPostprocessing = 0;
		};
/* End PBXSourcesBuildPhase section */

/* Begin PBXVariantGroup section */
		4FE7B1A61EE139DF0085135A /* Main.storyboard */ = {
			isa = PBXVariantGroup;
			children = (
				4FE7B1A71EE139DF0085135A /* Base */,
			);
			name = Main.storyboard;
			sourceTree = "<group>";
		};
		4FE7B1AE1EE139DF0085135A /* LaunchScreen.storyboard */ = {
			isa = PBXVariantGroup;
			children = (
				4FE7B1AF1EE139DF0085135A /* Base */,
			);
			name = LaunchScreen.storyboard;
			sourceTree = "<group>";
		};
/* End PBXVariantGroup section */

/* Begin XCBuildConfiguration section */
		4FE7B1B21EE139DF0085135A /* Debug */ = {
			isa = XCBuildConfiguration;
			buildSettings = {
				ALWAYS_SEARCH_USER_PATHS = NO;
				CLANG_ANALYZER_NONNULL = YES;
				CLANG_ANALYZER_NUMBER_OBJECT_CONVERSION = YES_AGGRESSIVE;
				CLANG_CXX_LANGUAGE_STANDARD = "gnu++0x";
				CLANG_CXX_LIBRARY = "libc++";
				CLANG_ENABLE_MODULES = YES;
				CLANG_ENABLE_OBJC_ARC = YES;
				CLANG_WARN_BOOL_CONVERSION = YES;
				CLANG_WARN_CONSTANT_CONVERSION = YES;
				CLANG_WARN_DIRECT_OBJC_ISA_USAGE = YES_ERROR;
				CLANG_WARN_DOCUMENTATION_COMMENTS = YES;
				CLANG_WARN_EMPTY_BODY = YES;
				CLANG_WARN_ENUM_CONVERSION = YES;
				CLANG_WARN_INFINITE_RECURSION = YES;
				CLANG_WARN_INT_CONVERSION = YES;
				CLANG_WARN_OBJC_ROOT_CLASS = YES_ERROR;
				CLANG_WARN_SUSPICIOUS_MOVE = YES;
				CLANG_WARN_UNREACHABLE_CODE = YES;
				CLANG_WARN__DUPLICATE_METHOD_MATCH = YES;
				"CODE_SIGN_IDENTITY[sdk=iphoneos*]" = "iPhone Developer";
				COPY_PHASE_STRIP = NO;
				DEBUG_INFORMATION_FORMAT = dwarf;
				ENABLE_STRICT_OBJC_MSGSEND = YES;
				ENABLE_TESTABILITY = YES;
				GCC_C_LANGUAGE_STANDARD = gnu99;
				GCC_DYNAMIC_NO_PIC = NO;
				GCC_NO_COMMON_BLOCKS = YES;
				GCC_OPTIMIZATION_LEVEL = 0;
				GCC_PREPROCESSOR_DEFINITIONS = (
					"DEBUG=1",
					"$(inherited)",
				);
				GCC_WARN_64_TO_32_BIT_CONVERSION = YES;
				GCC_WARN_ABOUT_RETURN_TYPE = YES_ERROR;
				GCC_WARN_UNDECLARED_SELECTOR = YES;
				GCC_WARN_UNINITIALIZED_AUTOS = YES_AGGRESSIVE;
				GCC_WARN_UNUSED_FUNCTION = YES;
				GCC_WARN_UNUSED_VARIABLE = YES;
				IPHONEOS_DEPLOYMENT_TARGET = 10.3;
				MTL_ENABLE_DEBUG_INFO = YES;
				ONLY_ACTIVE_ARCH = YES;
				SDKROOT = iphoneos;
				SWIFT_ACTIVE_COMPILATION_CONDITIONS = DEBUG;
				SWIFT_OPTIMIZATION_LEVEL = "-Onone";
				TARGETED_DEVICE_FAMILY = "1,2";
			};
			name = Debug;
		};
		4FE7B1B31EE139DF0085135A /* Release */ = {
			isa = XCBuildConfiguration;
			buildSettings = {
				ALWAYS_SEARCH_USER_PATHS = NO;
				CLANG_ANALYZER_NONNULL = YES;
				CLANG_ANALYZER_NUMBER_OBJECT_CONVERSION = YES_AGGRESSIVE;
				CLANG_CXX_LANGUAGE_STANDARD = "gnu++0x";
				CLANG_CXX_LIBRARY = "libc++";
				CLANG_ENABLE_MODULES = YES;
				CLANG_ENABLE_OBJC_ARC = YES;
				CLANG_WARN_BOOL_CONVERSION = YES;
				CLANG_WARN_CONSTANT_CONVERSION = YES;
				CLANG_WARN_DIRECT_OBJC_ISA_USAGE = YES_ERROR;
				CLANG_WARN_DOCUMENTATION_COMMENTS = YES;
				CLANG_WARN_EMPTY_BODY = YES;
				CLANG_WARN_ENUM_CONVERSION = YES;
				CLANG_WARN_INFINITE_RECURSION = YES;
				CLANG_WARN_INT_CONVERSION = YES;
				CLANG_WARN_OBJC_ROOT_CLASS = YES_ERROR;
				CLANG_WARN_SUSPICIOUS_MOVE = YES;
				CLANG_WARN_UNREACHABLE_CODE = YES;
				CLANG_WARN__DUPLICATE_METHOD_MATCH = YES;
				"CODE_SIGN_IDENTITY[sdk=iphoneos*]" = "iPhone Developer";
				COPY_PHASE_STRIP = NO;
				DEBUG_INFORMATION_FORMAT = "dwarf-with-dsym";
				ENABLE_NS_ASSERTIONS = NO;
				ENABLE_STRICT_OBJC_MSGSEND = YES;
				GCC_C_LANGUAGE_STANDARD = gnu99;
				GCC_NO_COMMON_BLOCKS = YES;
				GCC_WARN_64_TO_32_BIT_CONVERSION = YES;
				GCC_WARN_ABOUT_RETURN_TYPE = YES_ERROR;
				GCC_WARN_UNDECLARED_SELECTOR = YES;
				GCC_WARN_UNINITIALIZED_AUTOS = YES_AGGRESSIVE;
				GCC_WARN_UNUSED_FUNCTION = YES;
				GCC_WARN_UNUSED_VARIABLE = YES;
				IPHONEOS_DEPLOYMENT_TARGET = 10.3;
				MTL_ENABLE_DEBUG_INFO = NO;
				SDKROOT = iphoneos;
				SWIFT_OPTIMIZATION_LEVEL = "-Owholemodule";
				TARGETED_DEVICE_FAMILY = "1,2";
				VALIDATE_PRODUCT = YES;
			};
			name = Release;
		};
		4FE7B1B51EE139DF0085135A /* Debug */ = {
			isa = XCBuildConfiguration;
			buildSettings = {
				ASSETCATALOG_COMPILER_APPICON_NAME = AppIcon;
				DEVELOPMENT_TEAM = B9NGYL7KN5;
				INFOPLIST_FILE = CloneInstagram/Info.plist;
				LD_RUNPATH_SEARCH_PATHS = "$(inherited) @executable_path/Frameworks";
				PRODUCT_BUNDLE_IDENTIFIER = tutran.CloneInstagram;
				PRODUCT_NAME = "$(TARGET_NAME)";
				SWIFT_VERSION = 3.0;
			};
			name = Debug;
		};
		4FE7B1B61EE139DF0085135A /* Release */ = {
			isa = XCBuildConfiguration;
			buildSettings = {
				ASSETCATALOG_COMPILER_APPICON_NAME = AppIcon;
				DEVELOPMENT_TEAM = B9NGYL7KN5;
				INFOPLIST_FILE = CloneInstagram/Info.plist;
				LD_RUNPATH_SEARCH_PATHS = "$(inherited) @executable_path/Frameworks";
				PRODUCT_BUNDLE_IDENTIFIER = tutran.CloneInstagram;
				PRODUCT_NAME = "$(TARGET_NAME)";
				SWIFT_VERSION = 3.0;
			};
			name = Release;
		};
/* End XCBuildConfiguration section */

/* Begin XCConfigurationList section */
		4FE7B19A1EE139DF0085135A /* Build configuration list for PBXProject "CloneInstagram" */ = {
			isa = XCConfigurationList;
			buildConfigurations = (
				4FE7B1B21EE139DF0085135A /* Debug */,
				4FE7B1B31EE139DF0085135A /* Release */,
			);
			defaultConfigurationIsVisible = 0;
			defaultConfigurationName = Release;
		};
		4FE7B1B41EE139DF0085135A /* Build configuration list for PBXNativeTarget "CloneInstagram" */ = {
			isa = XCConfigurationList;
			buildConfigurations = (
				4FE7B1B51EE139DF0085135A /* Debug */,
				4FE7B1B61EE139DF0085135A /* Release */,
			);
			defaultConfigurationIsVisible = 0;
		};
/* End XCConfigurationList section */

/* Begin XCVersionGroup section */
		4FE7B1A91EE139DF0085135A /* CloneInstagram.xcdatamodeld */ = {
			isa = XCVersionGroup;
			children = (
				4FE7B1AA1EE139DF0085135A /* CloneInstagram.xcdatamodel */,
			);
			currentVersion = 4FE7B1AA1EE139DF0085135A /* CloneInstagram.xcdatamodel */;
			path = CloneInstagram.xcdatamodeld;
			sourceTree = "<group>";
			versionGroupType = wrapper.xcdatamodel;
		};
/* End XCVersionGroup section */
	};
	rootObject = 4FE7B1971EE139DF0085135A /* Project object */;
}
